
Microsoft Visual Studio Solution File, Format Version 12.00
# Visual Studio Version 17
VisualStudioVersion = 17.8.34316.72
MinimumVisualStudioVersion = 10.0.40219.1
Project("{FAE04EC0-301F-11D3-BF4B-00C04F79EFBC}") = "Notes.API", "Notes.API\Notes.API.csproj", "{50637D42-4B9F-473E-A87B-E8C4D295CF00}"
EndProject
Global
	GlobalSection(SolutionConfigurationPlatforms) = preSolution
		Debug|Any CPU = Debug|Any CPU
		Release|Any CPU = Release|Any CPU
	EndGlobalSection
	GlobalSection(ProjectConfigurationPlatforms) = postSolution
		{50637D42-4B9F-473E-A87B-E8C4D295CF00}.Debug|Any CPU.ActiveCfg = Debug|Any CPU
		{50637D42-4B9F-473E-A87B-E8C4D295CF00}.Debug|Any CPU.Build.0 = Debug|Any CPU
		{50637D42-4B9F-473E-A87B-E8C4D295CF00}.Release|Any CPU.ActiveCfg = Release|Any CPU
		{50637D42-4B9F-473E-A87B-E8C4D295CF00}.Release|Any CPU.Build.0 = Release|Any CPU
	EndGlobalSection
	GlobalSection(SolutionProperties) = preSolution
		HideSolutionNode = FALSE
	EndGlobalSection
	GlobalSection(ExtensibilityGlobals) = postSolution
		SolutionGuid = {02C6A0E1-9A56-4679-A6F7-AFD5F12C136E}
	EndGlobalSection
EndGlobal
